// !$*UTF8*$!
{
	archiveVersion = 1;
	classes = {
	};
	objectVersion = 50;
	objects = {

/* Begin PBXBuildFile section */
		199A52C4268C9111006E9B5E /* main.cpp in Sources */ = {isa = PBXBuildFile; fileRef = 199A52C3268C9111006E9B5E /* main.cpp */; };
		199A52D4268C912E006E9B5E /* deflate.c in Sources */ = {isa = PBXBuildFile; fileRef = 199A52C5268C912E006E9B5E /* deflate.c */; };
		199A52D5268C912E006E9B5E /* adler32.c in Sources */ = {isa = PBXBuildFile; fileRef = 199A52C6268C912E006E9B5E /* adler32.c */; };
		199A52D6268C912E006E9B5E /* PNGenc.cpp in Sources */ = {isa = PBXBuildFile; fileRef = 199A52C7268C912E006E9B5E /* PNGenc.cpp */; };
		199A52D7268C912E006E9B5E /* zutil.c in Sources */ = {isa = PBXBuildFile; fileRef = 199A52D0268C912E006E9B5E /* zutil.c */; };
		199A52D8268C912E006E9B5E /* trees.c in Sources */ = {isa = PBXBuildFile; fileRef = 199A52D2268C912E006E9B5E /* trees.c */; };
		199A52D9268C912E006E9B5E /* crc32.c in Sources */ = {isa = PBXBuildFile; fileRef = 199A52D3268C912E006E9B5E /* crc32.c */; };
/* End PBXBuildFile section */

/* Begin PBXCopyFilesBuildPhase section */
		199A52B7268C90F8006E9B5E /* CopyFiles */ = {
			isa = PBXCopyFilesBuildPhase;
			buildActionMask = 2147483647;
			dstPath = /usr/share/man/man1/;
			dstSubfolderSpec = 0;
			files = (
			);
			runOnlyForDeploymentPostprocessing = 1;
		};
/* End PBXCopyFilesBuildPhase section */

/* Begin PBXFileReference section */
		199A52B9268C90F8006E9B5E /* pngenc_test */ = {isa = PBXFileReference; explicitFileType = "compiled.mach-o.executable"; includeInIndex = 0; path = pngenc_test; sourceTree = BUILT_PRODUCTS_DIR; };
		199A52C3268C9111006E9B5E /* main.cpp */ = {isa = PBXFileReference; fileEncoding = 4; lastKnownFileType = sourcecode.cpp.cpp; name = main.cpp; path = ../../linux/main.cpp; sourceTree = "<group>"; };
		199A52C5268C912E006E9B5E /* deflate.c */ = {isa = PBXFileReference; fileEncoding = 4; lastKnownFileType = sourcecode.c.c; name = deflate.c; path = ../../src/deflate.c; sourceTree = "<group>"; };
		199A52C6268C912E006E9B5E /* adler32.c */ = {isa = PBXFileReference; fileEncoding = 4; lastKnownFileType = sourcecode.c.c; name = adler32.c; path = ../../src/adler32.c; sourceTree = "<group>"; };
		199A52C7268C912E006E9B5E /* PNGenc.cpp */ = {isa = PBXFileReference; fileEncoding = 4; lastKnownFileType = sourcecode.cpp.cpp; name = PNGenc.cpp; path = ../../src/PNGenc.cpp; sourceTree = "<group>"; };
		199A52C8268C912E006E9B5E /* deflate.h */ = {isa = PBXFileReference; fileEncoding = 4; lastKnownFileType = sourcecode.c.h; name = deflate.h; path = ../../src/deflate.h; sourceTree = "<group>"; };
		199A52C9268C912E006E9B5E /* png.inl */ = {isa = PBXFileReference; fileEncoding = 4; lastKnownFileType = text; name = png.inl; path = ../../src/png.inl; sourceTree = "<group>"; };
		199A52CA268C912E006E9B5E /* crc32.h */ = {isa = PBXFileReference; fileEncoding = 4; lastKnownFileType = sourcecode.c.h; name = crc32.h; path = ../../src/crc32.h; sourceTree = "<group>"; };
		199A52CB268C912E006E9B5E /* zutil.h */ = {isa = PBXFileReference; fileEncoding = 4; lastKnownFileType = sourcecode.c.h; name = zutil.h; path = ../../src/zutil.h; sourceTree = "<group>"; };
		199A52CC268C912E006E9B5E /* gzguts.h */ = {isa = PBXFileReference; fileEncoding = 4; lastKnownFileType = sourcecode.c.h; name = gzguts.h; path = ../../src/gzguts.h; sourceTree = "<group>"; };
		199A52CD268C912E006E9B5E /* zconf.h */ = {isa = PBXFileReference; fileEncoding = 4; lastKnownFileType = sourcecode.c.h; name = zconf.h; path = ../../src/zconf.h; sourceTree = "<group>"; };
		199A52CE268C912E006E9B5E /* PNGenc.h */ = {isa = PBXFileReference; fileEncoding = 4; lastKnownFileType = sourcecode.c.h; name = PNGenc.h; path = ../../src/PNGenc.h; sourceTree = "<group>"; };
		199A52CF268C912E006E9B5E /* trees.h */ = {isa = PBXFileReference; fileEncoding = 4; lastKnownFileType = sourcecode.c.h; name = trees.h; path = ../../src/trees.h; sourceTree = "<group>"; };
		199A52D0268C912E006E9B5E /* zutil.c */ = {isa = PBXFileReference; fileEncoding = 4; lastKnownFileType = sourcecode.c.c; name = zutil.c; path = ../../src/zutil.c; sourceTree = "<group>"; };
		199A52D1268C912E006E9B5E /* zlib.h */ = {isa = PBXFileReference; fileEncoding = 4; lastKnownFileType = sourcecode.c.h; name = zlib.h; path = ../../src/zlib.h; sourceTree = "<group>"; };
		199A52D2268C912E006E9B5E /* trees.c */ = {isa = PBXFileReference; fileEncoding = 4; lastKnownFileType = sourcecode.c.c; name = trees.c; path = ../../src/trees.c; sourceTree = "<group>"; };
		199A52D3268C912E006E9B5E /* crc32.c */ = {isa = PBXFileReference; fileEncoding = 4; lastKnownFileType = sourcecode.c.c; name = crc32.c; path = ../../src/crc32.c; sourceTree = "<group>"; };
/* End PBXFileReference section */

/* Begin PBXFrameworksBuildPhase section */
		199A52B6268C90F8006E9B5E /* Frameworks */ = {
			isa = PBXFrameworksBuildPhase;
			buildActionMask = 2147483647;
			files = (
			);
			runOnlyForDeploymentPostprocessing = 0;
		};
/* End PBXFrameworksBuildPhase section */

/* Begin PBXGroup section */
		199A52B0268C90F8006E9B5E = {
			isa = PBXGroup;
			children = (
				199A52BB268C90F8006E9B5E /* pngenc_test */,
				199A52BA268C90F8006E9B5E /* Products */,
			);
			sourceTree = "<group>";
		};
		199A52BA268C90F8006E9B5E /* Products */ = {
			isa = PBXGroup;
			children = (
				199A52B9268C90F8006E9B5E /* pngenc_test */,
			);
			name = Products;
			sourceTree = "<group>";
		};
		199A52BB268C90F8006E9B5E /* pngenc_test */ = {
			isa = PBXGroup;
			children = (
				199A52C6268C912E006E9B5E /* adler32.c */,
				199A52D3268C912E006E9B5E /* crc32.c */,
				199A52CA268C912E006E9B5E /* crc32.h */,
				199A52C5268C912E006E9B5E /* deflate.c */,
				199A52C8268C912E006E9B5E /* deflate.h */,
				199A52CC268C912E006E9B5E /* gzguts.h */,
				199A52C9268C912E006E9B5E /* png.inl */,
				199A52C7268C912E006E9B5E /* PNGenc.cpp */,
				199A52CE268C912E006E9B5E /* PNGenc.h */,
				199A52D2268C912E006E9B5E /* trees.c */,
				199A52CF268C912E006E9B5E /* trees.h */,
				199A52CD268C912E006E9B5E /* zconf.h */,
				199A52D1268C912E006E9B5E /* zlib.h */,
				199A52D0268C912E006E9B5E /* zutil.c */,
				199A52CB268C912E006E9B5E /* zutil.h */,
				199A52C3268C9111006E9B5E /* main.cpp */,
			);
			path = pngenc_test;
			sourceTree = "<group>";
		};
/* End PBXGroup section */

/* Begin PBXNativeTarget section */
		199A52B8268C90F8006E9B5E /* pngenc_test */ = {
			isa = PBXNativeTarget;
			buildConfigurationList = 199A52C0268C90F8006E9B5E /* Build configuration list for PBXNativeTarget "pngenc_test" */;
			buildPhases = (
				199A52B5268C90F8006E9B5E /* Sources */,
				199A52B6268C90F8006E9B5E /* Frameworks */,
				199A52B7268C90F8006E9B5E /* CopyFiles */,
			);
			buildRules = (
			);
			dependencies = (
			);
			name = pngenc_test;
			productName = pngenc_test;
			productReference = 199A52B9268C90F8006E9B5E /* pngenc_test */;
			productType = "com.apple.product-type.tool";
		};
/* End PBXNativeTarget section */

/* Begin PBXProject section */
		199A52B1268C90F8006E9B5E /* Project object */ = {
			isa = PBXProject;
			attributes = {
				LastUpgradeCheck = 1250;
				TargetAttributes = {
					199A52B8268C90F8006E9B5E = {
						CreatedOnToolsVersion = 12.5.1;
					};
				};
			};
			buildConfigurationList = 199A52B4268C90F8006E9B5E /* Build configuration list for PBXProject "pngenc_test" */;
			compatibilityVersion = "Xcode 9.3";
			developmentRegion = en;
			hasScannedForEncodings = 0;
			knownRegions = (
				en,
				Base,
			);
			mainGroup = 199A52B0268C90F8006E9B5E;
			productRefGroup = 199A52BA268C90F8006E9B5E /* Products */;
			projectDirPath = "";
			projectRoot = "";
			targets = (
				199A52B8268C90F8006E9B5E /* pngenc_test */,
			);
		};
/* End PBXProject section */

/* Begin PBXSourcesBuildPhase section */
		199A52B5268C90F8006E9B5E /* Sources */ = {
			isa = PBXSourcesBuildPhase;
			buildActionMask = 2147483647;
			files = (
				199A52C4268C9111006E9B5E /* main.cpp in Sources */,
				199A52D4268C912E006E9B5E /* deflate.c in Sources */,
				199A52D6268C912E006E9B5E /* PNGenc.cpp in Sources */,
				199A52D8268C912E006E9B5E /* trees.c in Sources */,
				199A52D5268C912E006E9B5E /* adler32.c in Sources */,
				199A52D9268C912E006E9B5E /* crc32.c in Sources */,
				199A52D7268C912E006E9B5E /* zutil.c in Sources */,
			);
			runOnlyForDeploymentPostprocessing = 0;
		};
/* End PBXSourcesBuildPhase section */

/* Begin XCBuildConfiguration section */
		199A52BE268C90F8006E9B5E /* Debug */ = {
			isa = XCBuildConfiguration;
			buildSettings = {
				ALWAYS_SEARCH_USER_PATHS = NO;
				CLANG_ANALYZER_NONNULL = YES;
				CLANG_ANALYZER_NUMBER_OBJECT_CONVERSION = YES_AGGRESSIVE;
				CLANG_CXX_LANGUAGE_STANDARD = "gnu++14";
				CLANG_CXX_LIBRARY = "libc++";
				CLANG_ENABLE_MODULES = YES;
				CLANG_ENABLE_OBJC_ARC = YES;
				CLANG_ENABLE_OBJC_WEAK = YES;
				CLANG_WARN_BLOCK_CAPTURE_AUTORELEASING = YES;
				CLANG_WARN_BOOL_CONVERSION = YES;
				CLANG_WARN_COMMA = YES;
				CLANG_WARN_CONSTANT_CONVERSION = YES;
				CLANG_WARN_DEPRECATED_OBJC_IMPLEMENTATIONS = YES;
				CLANG_WARN_DIRECT_OBJC_ISA_USAGE = YES_ERROR;
				CLANG_WARN_DOCUMENTATION_COMMENTS = YES;
				CLANG_WARN_EMPTY_BODY = YES;
				CLANG_WARN_ENUM_CONVERSION = YES;
				CLANG_WARN_INFINITE_RECURSION = YES;
				CLANG_WARN_INT_CONVERSION = YES;
				CLANG_WARN_NON_LITERAL_NULL_CONVERSION = YES;
				CLANG_WARN_OBJC_IMPLICIT_RETAIN_SELF = YES;
				CLANG_WARN_OBJC_LITERAL_CONVERSION = YES;
				CLANG_WARN_OBJC_ROOT_CLASS = YES_ERROR;
				CLANG_WARN_QUOTED_INCLUDE_IN_FRAMEWORK_HEADER = YES;
				CLANG_WARN_RANGE_LOOP_ANALYSIS = YES;
				CLANG_WARN_STRICT_PROTOTYPES = YES;
				CLANG_WARN_SUSPICIOUS_MOVE = YES;
				CLANG_WARN_UNGUARDED_AVAILABILITY = YES_AGGRESSIVE;
				CLANG_WARN_UNREACHABLE_CODE = YES;
				CLANG_WARN__DUPLICATE_METHOD_MATCH = YES;
				COPY_PHASE_STRIP = NO;
				DEBUG_INFORMATION_FORMAT = dwarf;
				ENABLE_STRICT_OBJC_MSGSEND = YES;
				ENABLE_TESTABILITY = YES;
				GCC_C_LANGUAGE_STANDARD = gnu11;
				GCC_DYNAMIC_NO_PIC = NO;
				GCC_NO_COMMON_BLOCKS = YES;
				GCC_OPTIMIZATION_LEVEL = 0;
				GCC_PREPROCESSOR_DEFINITIONS = (
					"DEBUG=1",
					"$(inherited)",
				);
				GCC_WARN_64_TO_32_BIT_CONVERSION = YES;
				GCC_WARN_ABOUT_RETURN_TYPE = YES_ERROR;
				GCC_WARN_UNDECLARED_SELECTOR = YES;
				GCC_WARN_UNINITIALIZED_AUTOS = YES_AGGRESSIVE;
				GCC_WARN_UNUSED_FUNCTION = YES;
				GCC_WARN_UNUSED_VARIABLE = YES;
				MACOSX_DEPLOYMENT_TARGET = 11.3;
				MTL_ENABLE_DEBUG_INFO = INCLUDE_SOURCE;
				MTL_FAST_MATH = YES;
				ONLY_ACTIVE_ARCH = YES;
				SDKROOT = macosx;
			};
			name = Debug;
		};
		199A52BF268C90F8006E9B5E /* Release */ = {
			isa = XCBuildConfiguration;
			buildSettings = {
				ALWAYS_SEARCH_USER_PATHS = NO;
				CLANG_ANALYZER_NONNULL = YES;
				CLANG_ANALYZER_NUMBER_OBJECT_CONVERSION = YES_AGGRESSIVE;
				CLANG_CXX_LANGUAGE_STANDARD = "gnu++14";
				CLANG_CXX_LIBRARY = "libc++";
				CLANG_ENABLE_MODULES = YES;
				CLANG_ENABLE_OBJC_ARC = YES;
				CLANG_ENABLE_OBJC_WEAK = YES;
				CLANG_WARN_BLOCK_CAPTURE_AUTORELEASING = YES;
				CLANG_WARN_BOOL_CONVERSION = YES;
				CLANG_WARN_COMMA = YES;
				CLANG_WARN_CONSTANT_CONVERSION = YES;
				CLANG_WARN_DEPRECATED_OBJC_IMPLEMENTATIONS = YES;
				CLANG_WARN_DIRECT_OBJC_ISA_USAGE = YES_ERROR;
				CLANG_WARN_DOCUMENTATION_COMMENTS = YES;
				CLANG_WARN_EMPTY_BODY = YES;
				CLANG_WARN_ENUM_CONVERSION = YES;
				CLANG_WARN_INFINITE_RECURSION = YES;
				CLANG_WARN_INT_CONVERSION = YES;
				CLANG_WARN_NON_LITERAL_NULL_CONVERSION = YES;
				CLANG_WARN_OBJC_IMPLICIT_RETAIN_SELF = YES;
				CLANG_WARN_OBJC_LITERAL_CONVERSION = YES;
				CLANG_WARN_OBJC_ROOT_CLASS = YES_ERROR;
				CLANG_WARN_QUOTED_INCLUDE_IN_FRAMEWORK_HEADER = YES;
				CLANG_WARN_RANGE_LOOP_ANALYSIS = YES;
				CLANG_WARN_STRICT_PROTOTYPES = YES;
				CLANG_WARN_SUSPICIOUS_MOVE = YES;
				CLANG_WARN_UNGUARDED_AVAILABILITY = YES_AGGRESSIVE;
				CLANG_WARN_UNREACHABLE_CODE = YES;
				CLANG_WARN__DUPLICATE_METHOD_MATCH = YES;
				COPY_PHASE_STRIP = NO;
				DEBUG_INFORMATION_FORMAT = "dwarf-with-dsym";
				ENABLE_NS_ASSERTIONS = NO;
				ENABLE_STRICT_OBJC_MSGSEND = YES;
				GCC_C_LANGUAGE_STANDARD = gnu11;
				GCC_NO_COMMON_BLOCKS = YES;
				GCC_WARN_64_TO_32_BIT_CONVERSION = YES;
				GCC_WARN_ABOUT_RETURN_TYPE = YES_ERROR;
				GCC_WARN_UNDECLARED_SELECTOR = YES;
				GCC_WARN_UNINITIALIZED_AUTOS = YES_AGGRESSIVE;
				GCC_WARN_UNUSED_FUNCTION = YES;
				GCC_WARN_UNUSED_VARIABLE = YES;
				MACOSX_DEPLOYMENT_TARGET = 11.3;
				MTL_ENABLE_DEBUG_INFO = NO;
				MTL_FAST_MATH = YES;
				SDKROOT = macosx;
			};
			name = Release;
		};
		199A52C1268C90F8006E9B5E /* Debug */ = {
			isa = XCBuildConfiguration;
			buildSettings = {
				CODE_SIGN_STYLE = Automatic;
				DEVELOPMENT_TEAM = SU8KPF4XJS;
				ENABLE_HARDENED_RUNTIME = YES;
				PRODUCT_NAME = "$(TARGET_NAME)";
			};
			name = Debug;
		};
		199A52C2268C90F8006E9B5E /* Release */ = {
			isa = XCBuildConfiguration;
			buildSettings = {
				CODE_SIGN_STYLE = Automatic;
				DEVELOPMENT_TEAM = SU8KPF4XJS;
				ENABLE_HARDENED_RUNTIME = YES;
				PRODUCT_NAME = "$(TARGET_NAME)";
			};
			name = Release;
		};
/* End XCBuildConfiguration section */

/* Begin XCConfigurationList section */
		199A52B4268C90F8006E9B5E /* Build configuration list for PBXProject "pngenc_test" */ = {
			isa = XCConfigurationList;
			buildConfigurations = (
				199A52BE268C90F8006E9B5E /* Debug */,
				199A52BF268C90F8006E9B5E /* Release */,
			);
			defaultConfigurationIsVisible = 0;
			defaultConfigurationName = Release;
		};
		199A52C0268C90F8006E9B5E /* Build configuration list for PBXNativeTarget "pngenc_test" */ = {
			isa = XCConfigurationList;
			buildConfigurations = (
				199A52C1268C90F8006E9B5E /* Debug */,
				199A52C2268C90F8006E9B5E /* Release */,
			);
			defaultConfigurationIsVisible = 0;
			defaultConfigurationName = Release;
		};
/* End XCConfigurationList section */
	};
	rootObject = 199A52B1268C90F8006E9B5E /* Project object */;
}
